
Microsoft Visual Studio Solution File, Format Version 12.00
Project("{FAE04EC0-301F-11D3-BF4B-00C04F79EFBC}") = "Assignment3", "Assignment3.csproj", "{104F9927-1A2B-4006-BBA5-594411C54828}"
EndProject
Project("{FAE04EC0-301F-11D3-BF4B-00C04F79EFBC}") = "libraryTests", "libraryTests\libraryTests.csproj", "{8BD02F38-FEBE-4874-A360-D7144DB30E45}"
EndProject
Global
	GlobalSection(SolutionConfigurationPlatforms) = preSolution
		Debug|Any CPU = Debug|Any CPU
		Release|Any CPU = Release|Any CPU
	EndGlobalSection
	GlobalSection(ProjectConfigurationPlatforms) = postSolution
		{104F9927-1A2B-4006-BBA5-594411C54828}.Debug|Any CPU.ActiveCfg = Debug|Any CPU
		{104F9927-1A2B-4006-BBA5-594411C54828}.Debug|Any CPU.Build.0 = Debug|Any CPU
		{104F9927-1A2B-4006-BBA5-594411C54828}.Release|Any CPU.ActiveCfg = Release|Any CPU
		{104F9927-1A2B-4006-BBA5-594411C54828}.Release|Any CPU.Build.0 = Release|Any CPU
		{8BD02F38-FEBE-4874-A360-D7144DB30E45}.Debug|Any CPU.ActiveCfg = Debug|Any CPU
		{8BD02F38-FEBE-4874-A360-D7144DB30E45}.Debug|Any CPU.Build.0 = Debug|Any CPU
		{8BD02F38-FEBE-4874-A360-D7144DB30E45}.Release|Any CPU.ActiveCfg = Release|Any CPU
		{8BD02F38-FEBE-4874-A360-D7144DB30E45}.Release|Any CPU.Build.0 = Release|Any CPU
	EndGlobalSection
EndGlobal
