
Microsoft Visual Studio Solution File, Format Version 12.00
Project("{FAE04EC0-301F-11D3-BF4B-00C04F79EFBC}") = "Assignment2", "Assignment2.csproj", "{D380FF55-4523-4812-B3C8-E86D9455EE49}"
EndProject
Project("{FAE04EC0-301F-11D3-BF4B-00C04F79EFBC}") = "unitTests", "unitTests\unitTests.csproj", "{56BB6016-E6A7-49AA-8A5C-EBCFFD823B7A}"
EndProject
Global
	GlobalSection(SolutionConfigurationPlatforms) = preSolution
		Debug|Any CPU = Debug|Any CPU
		Release|Any CPU = Release|Any CPU
	EndGlobalSection
	GlobalSection(ProjectConfigurationPlatforms) = postSolution
		{D380FF55-4523-4812-B3C8-E86D9455EE49}.Debug|Any CPU.ActiveCfg = Debug|Any CPU
		{D380FF55-4523-4812-B3C8-E86D9455EE49}.Debug|Any CPU.Build.0 = Debug|Any CPU
		{D380FF55-4523-4812-B3C8-E86D9455EE49}.Release|Any CPU.ActiveCfg = Release|Any CPU
		{D380FF55-4523-4812-B3C8-E86D9455EE49}.Release|Any CPU.Build.0 = Release|Any CPU
		{56BB6016-E6A7-49AA-8A5C-EBCFFD823B7A}.Debug|Any CPU.ActiveCfg = Debug|Any CPU
		{56BB6016-E6A7-49AA-8A5C-EBCFFD823B7A}.Debug|Any CPU.Build.0 = Debug|Any CPU
		{56BB6016-E6A7-49AA-8A5C-EBCFFD823B7A}.Release|Any CPU.ActiveCfg = Release|Any CPU
		{56BB6016-E6A7-49AA-8A5C-EBCFFD823B7A}.Release|Any CPU.Build.0 = Release|Any CPU
	EndGlobalSection
EndGlobal
